
Microsoft Visual Studio Solution File, Format Version 12.00
# Visual Studio Version 17
VisualStudioVersion = 17.0.32014.148
MinimumVisualStudioVersion = 10.0.40219.1
Project("{FAE04EC0-301F-11D3-BF4B-00C04F79EFBC}") = "EventBookingSystem", "EventBookingSystem.csproj", "{EABB1FDC-F668-4FB8-9CE9-30C1E71F5828}"
EndProject
Global
	GlobalSection(SolutionConfigurationPlatforms) = preSolution
		Debug|Any CPU = Debug|Any CPU
		Release|Any CPU = Release|Any CPU
	EndGlobalSection
	GlobalSection(ProjectConfigurationPlatforms) = postSolution
		{EABB1FDC-F668-4FB8-9CE9-30C1E71F5828}.Debug|Any CPU.ActiveCfg = Debug|Any CPU
		{EABB1FDC-F668-4FB8-9CE9-30C1E71F5828}.Debug|Any CPU.Build.0 = Debug|Any CPU
		{EABB1FDC-F668-4FB8-9CE9-30C1E71F5828}.Release|Any CPU.ActiveCfg = Release|Any CPU
		{EABB1FDC-F668-4FB8-9CE9-30C1E71F5828}.Release|Any CPU.Build.0 = Release|Any CPU
	EndGlobalSection
	GlobalSection(SolutionProperties) = preSolution
		HideSolutionNode = FALSE
	EndGlobalSection
	GlobalSection(ExtensibilityGlobals) = postSolution
		SolutionGuid = {F9A59E9B-201F-49BE-A26B-0190EBA71CF9}
	EndGlobalSection
EndGlobal
