
Microsoft Visual Studio Solution File, Format Version 12.00
# Visual Studio Version 17
VisualStudioVersion = 17.0.32014.148
MinimumVisualStudioVersion = 10.0.40219.1
Project("{9A19103F-16F7-4668-BE54-9A1E7A4F7556}") = "EBSystem.API", "EBSystem.API\EBSystem.API.csproj", "{679433E7-3BC8-4C67-8108-5DAC9FFBF3E3}"
EndProject
Project("{9A19103F-16F7-4668-BE54-9A1E7A4F7556}") = "EBSystem.Models", "EBSystem.Models\EBSystem.Models.csproj", "{B2646E78-9307-4097-8EFC-8D3B19086CF7}"
EndProject
Project("{9A19103F-16F7-4668-BE54-9A1E7A4F7556}") = "EBSystem.Services", "EBSystem.Services\EBSystem.Services.csproj", "{0BE852C2-FA58-4015-868E-FBA3D9F40447}"
EndProject
Project("{9A19103F-16F7-4668-BE54-9A1E7A4F7556}") = "EBSystem.Tests", "EBSystem.Tests\EBSystem.Tests.csproj", "{72DE929E-5CBE-46CF-B6C5-27F5B03DD936}"
EndProject
Project("{2150E333-8FDC-42A3-9474-1A3956D46DE8}") = "EBSystem.Event.API", "EBSystem.Event.API", "{CD16C171-1F94-4DD8-841D-FDB3D37FE629}"
EndProject
Project("{FAE04EC0-301F-11D3-BF4B-00C04F79EFBC}") = "EBSystem.Event.API", "EBSystem.Event.API\EBSystem.Event.API.csproj", "{00D88159-69C1-4D84-9CA3-4F223B43C833}"
EndProject
Project("{2150E333-8FDC-42A3-9474-1A3956D46DE8}") = "EBSystem.User.API", "EBSystem.User.API", "{B633EE21-A4C4-4F1D-9B4E-A3282F6A4799}"
EndProject
Project("{FAE04EC0-301F-11D3-BF4B-00C04F79EFBC}") = "EBSystem.User.API", "EBSystem.User.API\EBSystem.User.API.csproj", "{424656DA-B027-421E-A6B8-55CF1FFE06BC}"
EndProject
Project("{2150E333-8FDC-42A3-9474-1A3956D46DE8}") = "EBSystem.Order.API", "EBSystem.Order.API", "{147FFF0B-76D6-47D5-B499-0944A28CF32F}"
EndProject
Project("{FAE04EC0-301F-11D3-BF4B-00C04F79EFBC}") = "EBSystem.Order.API", "EBSystem.Order.API\EBSystem.Order.API.csproj", "{FF51CAAC-E122-437B-9833-639AF604CC7C}"
EndProject
Project("{2150E333-8FDC-42A3-9474-1A3956D46DE8}") = "EBSystem.API.Tests", "EBSystem.API.Tests", "{7EBD17A3-B4F4-40E8-9FD5-8A0E3FD915DA}"
EndProject
Project("{2150E333-8FDC-42A3-9474-1A3956D46DE8}") = "EBSystem.ApiGateWay", "EBSystem.ApiGateWay", "{2BC8756A-6241-448D-ACC1-27948767BF15}"
EndProject
Project("{FAE04EC0-301F-11D3-BF4B-00C04F79EFBC}") = "APIGateWays", "APIGateWays\APIGateWays.csproj", "{59CA4557-283D-47F1-A7CB-8170907CF996}"
EndProject
Project("{FAE04EC0-301F-11D3-BF4B-00C04F79EFBC}") = "EBSystem.API.Tests", "EBSystem.API.Tests\EBSystem.API.Tests.csproj", "{386EE77C-1B06-4413-BAD4-6C26FD96165E}"
EndProject
Project("{2150E333-8FDC-42A3-9474-1A3956D46DE8}") = "Services", "Services", "{BFA98AA3-9B74-4CEA-A56E-8F5E9ADF5A21}"
EndProject
Project("{2150E333-8FDC-42A3-9474-1A3956D46DE8}") = "Api Gateway", "Api Gateway", "{F43E1DD4-A18D-4DCC-8D69-D4E612EAC215}"
EndProject
Project("{2150E333-8FDC-42A3-9474-1A3956D46DE8}") = "Tests", "Tests", "{DFB0DE9C-FEB0-4886-8659-917CC9A65C64}"
EndProject
Global
	GlobalSection(SolutionConfigurationPlatforms) = preSolution
		Debug|Any CPU = Debug|Any CPU
		Release|Any CPU = Release|Any CPU
	EndGlobalSection
	GlobalSection(ProjectConfigurationPlatforms) = postSolution
		{679433E7-3BC8-4C67-8108-5DAC9FFBF3E3}.Debug|Any CPU.ActiveCfg = Debug|Any CPU
		{679433E7-3BC8-4C67-8108-5DAC9FFBF3E3}.Release|Any CPU.ActiveCfg = Release|Any CPU
		{679433E7-3BC8-4C67-8108-5DAC9FFBF3E3}.Release|Any CPU.Build.0 = Release|Any CPU
		{B2646E78-9307-4097-8EFC-8D3B19086CF7}.Debug|Any CPU.ActiveCfg = Debug|Any CPU
		{B2646E78-9307-4097-8EFC-8D3B19086CF7}.Release|Any CPU.ActiveCfg = Release|Any CPU
		{B2646E78-9307-4097-8EFC-8D3B19086CF7}.Release|Any CPU.Build.0 = Release|Any CPU
		{0BE852C2-FA58-4015-868E-FBA3D9F40447}.Debug|Any CPU.ActiveCfg = Debug|Any CPU
		{0BE852C2-FA58-4015-868E-FBA3D9F40447}.Release|Any CPU.ActiveCfg = Release|Any CPU
		{0BE852C2-FA58-4015-868E-FBA3D9F40447}.Release|Any CPU.Build.0 = Release|Any CPU
		{72DE929E-5CBE-46CF-B6C5-27F5B03DD936}.Debug|Any CPU.ActiveCfg = Debug|Any CPU
		{72DE929E-5CBE-46CF-B6C5-27F5B03DD936}.Release|Any CPU.ActiveCfg = Release|Any CPU
		{72DE929E-5CBE-46CF-B6C5-27F5B03DD936}.Release|Any CPU.Build.0 = Release|Any CPU
		{00D88159-69C1-4D84-9CA3-4F223B43C833}.Debug|Any CPU.ActiveCfg = Debug|Any CPU
		{00D88159-69C1-4D84-9CA3-4F223B43C833}.Debug|Any CPU.Build.0 = Debug|Any CPU
		{00D88159-69C1-4D84-9CA3-4F223B43C833}.Release|Any CPU.ActiveCfg = Release|Any CPU
		{00D88159-69C1-4D84-9CA3-4F223B43C833}.Release|Any CPU.Build.0 = Release|Any CPU
		{424656DA-B027-421E-A6B8-55CF1FFE06BC}.Debug|Any CPU.ActiveCfg = Debug|Any CPU
		{424656DA-B027-421E-A6B8-55CF1FFE06BC}.Debug|Any CPU.Build.0 = Debug|Any CPU
		{424656DA-B027-421E-A6B8-55CF1FFE06BC}.Release|Any CPU.ActiveCfg = Release|Any CPU
		{424656DA-B027-421E-A6B8-55CF1FFE06BC}.Release|Any CPU.Build.0 = Release|Any CPU
		{FF51CAAC-E122-437B-9833-639AF604CC7C}.Debug|Any CPU.ActiveCfg = Debug|Any CPU
		{FF51CAAC-E122-437B-9833-639AF604CC7C}.Debug|Any CPU.Build.0 = Debug|Any CPU
		{FF51CAAC-E122-437B-9833-639AF604CC7C}.Release|Any CPU.ActiveCfg = Release|Any CPU
		{FF51CAAC-E122-437B-9833-639AF604CC7C}.Release|Any CPU.Build.0 = Release|Any CPU
		{59CA4557-283D-47F1-A7CB-8170907CF996}.Debug|Any CPU.ActiveCfg = Debug|Any CPU
		{59CA4557-283D-47F1-A7CB-8170907CF996}.Debug|Any CPU.Build.0 = Debug|Any CPU
		{59CA4557-283D-47F1-A7CB-8170907CF996}.Release|Any CPU.ActiveCfg = Release|Any CPU
		{59CA4557-283D-47F1-A7CB-8170907CF996}.Release|Any CPU.Build.0 = Release|Any CPU
		{386EE77C-1B06-4413-BAD4-6C26FD96165E}.Debug|Any CPU.ActiveCfg = Debug|Any CPU
		{386EE77C-1B06-4413-BAD4-6C26FD96165E}.Release|Any CPU.ActiveCfg = Release|Any CPU
		{386EE77C-1B06-4413-BAD4-6C26FD96165E}.Release|Any CPU.Build.0 = Release|Any CPU
	EndGlobalSection
	GlobalSection(SolutionProperties) = preSolution
		HideSolutionNode = FALSE
	EndGlobalSection
	GlobalSection(NestedProjects) = preSolution
		{CD16C171-1F94-4DD8-841D-FDB3D37FE629} = {BFA98AA3-9B74-4CEA-A56E-8F5E9ADF5A21}
		{00D88159-69C1-4D84-9CA3-4F223B43C833} = {CD16C171-1F94-4DD8-841D-FDB3D37FE629}
		{B633EE21-A4C4-4F1D-9B4E-A3282F6A4799} = {BFA98AA3-9B74-4CEA-A56E-8F5E9ADF5A21}
		{424656DA-B027-421E-A6B8-55CF1FFE06BC} = {B633EE21-A4C4-4F1D-9B4E-A3282F6A4799}
		{147FFF0B-76D6-47D5-B499-0944A28CF32F} = {BFA98AA3-9B74-4CEA-A56E-8F5E9ADF5A21}
		{FF51CAAC-E122-437B-9833-639AF604CC7C} = {147FFF0B-76D6-47D5-B499-0944A28CF32F}
		{7EBD17A3-B4F4-40E8-9FD5-8A0E3FD915DA} = {DFB0DE9C-FEB0-4886-8659-917CC9A65C64}
		{2BC8756A-6241-448D-ACC1-27948767BF15} = {F43E1DD4-A18D-4DCC-8D69-D4E612EAC215}
		{59CA4557-283D-47F1-A7CB-8170907CF996} = {2BC8756A-6241-448D-ACC1-27948767BF15}
		{386EE77C-1B06-4413-BAD4-6C26FD96165E} = {7EBD17A3-B4F4-40E8-9FD5-8A0E3FD915DA}
	EndGlobalSection
	GlobalSection(ExtensibilityGlobals) = postSolution
		SolutionGuid = {8ACFE5E7-9FE3-47B8-B946-9B2D029EEF3B}
	EndGlobalSection
EndGlobal
